{
  "version": 4,
  "terraform_version": "1.2.1",
  "serial": 95,
  "lineage": "f635e2d0-d0bf-8a6f-775c-fe54638d5cc4",
  "outputs": {
    "bigip_instance_ids": {
      "value": [
        "projects/cactuslizard-348315/zones/us-west1-b/instances/cactuslizard-3nic-1147"
      ],
      "type": [
        "tuple",
        [
          "string"
        ]
      ]
    },
    "bigip_password": {
      "value": [
        "V2Iqkh4zf3ItjD04"
      ],
      "type": [
        "tuple",
        [
          "string"
        ]
      ]
    },
    "bigip_username": {
      "value": [
        "bigipuser"
      ],
      "type": [
        "tuple",
        [
          "string"
        ]
      ]
    },
    "mgmtPort": {
      "value": [
        "443"
      ],
      "type": [
        "tuple",
        [
          "string"
        ]
      ]
    },
    "mgmtPublicIP": {
      "value": [
        "34.145.123.207"
      ],
      "type": [
        "tuple",
        [
          "string"
        ]
      ]
    },
    "name": {
      "value": [
        "cactuslizard-3nic-1147"
      ],
      "type": [
        "tuple",
        [
          "string"
        ]
      ]
    },
    "private_addresses": {
      "value": [
        [
          "10.2.0.2",
          "10.1.0.2",
          "10.3.0.2"
        ]
      ],
      "type": [
        "tuple",
        [
          [
            "list",
            "string"
          ]
        ]
      ]
    },
    "public_addresses": {
      "value": [
        [
          [
            "34.168.185.112"
          ],
          [
            "34.145.123.207"
          ],
          []
        ]
      ],
      "type": [
        "tuple",
        [
          [
            "list",
            [
              "list",
              "string"
            ]
          ]
        ]
      ]
    },
    "self_link": {
      "value": [
        "https://www.googleapis.com/compute/v1/projects/cactuslizard-348315/zones/us-west1-b/instances/cactuslizard-3nic-1147"
      ],
      "type": [
        "tuple",
        [
          "string"
        ]
      ]
    },
    "service_account": {
      "value": [
        "svc-jw@cactuslizard-348315.iam.gserviceaccount.com"
      ],
      "type": [
        "tuple",
        [
          "string"
        ]
      ]
    },
    "zone": {
      "value": [
        "us-west1-b"
      ],
      "type": [
        "tuple",
        [
          "string"
        ]
      ]
    }
  },
  "resources": [
    {
      "mode": "managed",
      "type": "google_compute_firewall",
      "name": "ext_firewall",
      "provider": "provider[\"registry.terraform.io/hashicorp/google\"]",
      "instances": [
        {
          "schema_version": 1,
          "attributes": {
            "allow": [
              {
                "ports": [
                  "22",
                  "80",
                  "443",
                  "8443"
                ],
                "protocol": "tcp"
              },
              {
                "ports": [],
                "protocol": "icmp"
              }
            ],
            "creation_timestamp": "2022-06-09T06:19:22.763-07:00",
            "deny": [],
            "description": "",
            "destination_ranges": [],
            "direction": "INGRESS",
            "disabled": false,
            "enable_logging": null,
            "id": "projects/cactuslizard-348315/global/firewalls/cactuslizard-ext-firewall-f6d3",
            "log_config": [],
            "name": "cactuslizard-ext-firewall-f6d3",
            "network": "https://www.googleapis.com/compute/v1/projects/cactuslizard-348315/global/networks/cactuslizard-extvpc-f6d3",
            "priority": 1000,
            "project": "cactuslizard-348315",
            "self_link": "https://www.googleapis.com/compute/v1/projects/cactuslizard-348315/global/firewalls/cactuslizard-ext-firewall-f6d3",
            "source_ranges": [
              "0.0.0.0/0"
            ],
            "source_service_accounts": null,
            "source_tags": null,
            "target_service_accounts": null,
            "target_tags": null,
            "timeouts": null
          },
          "sensitive_attributes": [],
          "private": "eyJlMmJmYjczMC1lY2FhLTExZTYtOGY4OC0zNDM2M2JjN2M0YzAiOnsiY3JlYXRlIjoyNDAwMDAwMDAwMDAsImRlbGV0ZSI6MjQwMDAwMDAwMDAwLCJ1cGRhdGUiOjI0MDAwMDAwMDAwMH0sInNjaGVtYV92ZXJzaW9uIjoiMSJ9",
          "dependencies": [
            "google_compute_network.extvpc",
            "random_id.id"
          ]
        }
      ]
    },
    {
      "mode": "managed",
      "type": "google_compute_firewall",
      "name": "mgmt_firewall",
      "provider": "provider[\"registry.terraform.io/hashicorp/google\"]",
      "instances": [
        {
          "schema_version": 1,
          "attributes": {
            "allow": [
              {
                "ports": [
                  "22",
                  "80",
                  "443",
                  "8443"
                ],
                "protocol": "tcp"
              },
              {
                "ports": [],
                "protocol": "icmp"
              }
            ],
            "creation_timestamp": "2022-06-09T06:19:22.834-07:00",
            "deny": [],
            "description": "",
            "destination_ranges": [],
            "direction": "INGRESS",
            "disabled": false,
            "enable_logging": null,
            "id": "projects/cactuslizard-348315/global/firewalls/cactuslizard-mgmt-firewall-f6d3",
            "log_config": [],
            "name": "cactuslizard-mgmt-firewall-f6d3",
            "network": "https://www.googleapis.com/compute/v1/projects/cactuslizard-348315/global/networks/cactuslizard-mgmtvpc-f6d3",
            "priority": 1000,
            "project": "cactuslizard-348315",
            "self_link": "https://www.googleapis.com/compute/v1/projects/cactuslizard-348315/global/firewalls/cactuslizard-mgmt-firewall-f6d3",
            "source_ranges": [
              "0.0.0.0/0"
            ],
            "source_service_accounts": null,
            "source_tags": null,
            "target_service_accounts": null,
            "target_tags": null,
            "timeouts": null
          },
          "sensitive_attributes": [],
          "private": "eyJlMmJmYjczMC1lY2FhLTExZTYtOGY4OC0zNDM2M2JjN2M0YzAiOnsiY3JlYXRlIjoyNDAwMDAwMDAwMDAsImRlbGV0ZSI6MjQwMDAwMDAwMDAwLCJ1cGRhdGUiOjI0MDAwMDAwMDAwMH0sInNjaGVtYV92ZXJzaW9uIjoiMSJ9",
          "dependencies": [
            "google_compute_network.mgmtvpc",
            "random_id.id"
          ]
        }
      ]
    },
    {
      "mode": "managed",
      "type": "google_compute_network",
      "name": "extvpc",
      "provider": "provider[\"registry.terraform.io/hashicorp/google\"]",
      "instances": [
        {
          "schema_version": 0,
          "attributes": {
            "auto_create_subnetworks": false,
            "delete_default_routes_on_create": false,
            "description": "",
            "gateway_ipv4": "",
            "id": "projects/cactuslizard-348315/global/networks/cactuslizard-extvpc-f6d3",
            "mtu": 0,
            "name": "cactuslizard-extvpc-f6d3",
            "project": "cactuslizard-348315",
            "routing_mode": "REGIONAL",
            "self_link": "https://www.googleapis.com/compute/v1/projects/cactuslizard-348315/global/networks/cactuslizard-extvpc-f6d3",
            "timeouts": null
          },
          "sensitive_attributes": [],
          "private": "eyJlMmJmYjczMC1lY2FhLTExZTYtOGY4OC0zNDM2M2JjN2M0YzAiOnsiY3JlYXRlIjoyNDAwMDAwMDAwMDAsImRlbGV0ZSI6MjQwMDAwMDAwMDAwLCJ1cGRhdGUiOjI0MDAwMDAwMDAwMH19",
          "dependencies": [
            "random_id.id"
          ]
        }
      ]
    },
    {
      "mode": "managed",
      "type": "google_compute_network",
      "name": "intvpc",
      "provider": "provider[\"registry.terraform.io/hashicorp/google\"]",
      "instances": [
        {
          "schema_version": 0,
          "attributes": {
            "auto_create_subnetworks": false,
            "delete_default_routes_on_create": false,
            "description": "",
            "gateway_ipv4": "",
            "id": "projects/cactuslizard-348315/global/networks/cactuslizard-intvpc-f6d3",
            "mtu": 0,
            "name": "cactuslizard-intvpc-f6d3",
            "project": "cactuslizard-348315",
            "routing_mode": "REGIONAL",
            "self_link": "https://www.googleapis.com/compute/v1/projects/cactuslizard-348315/global/networks/cactuslizard-intvpc-f6d3",
            "timeouts": null
          },
          "sensitive_attributes": [],
          "private": "eyJlMmJmYjczMC1lY2FhLTExZTYtOGY4OC0zNDM2M2JjN2M0YzAiOnsiY3JlYXRlIjoyNDAwMDAwMDAwMDAsImRlbGV0ZSI6MjQwMDAwMDAwMDAwLCJ1cGRhdGUiOjI0MDAwMDAwMDAwMH19",
          "dependencies": [
            "random_id.id"
          ]
        }
      ]
    },
    {
      "mode": "managed",
      "type": "google_compute_network",
      "name": "mgmtvpc",
      "provider": "provider[\"registry.terraform.io/hashicorp/google\"]",
      "instances": [
        {
          "schema_version": 0,
          "attributes": {
            "auto_create_subnetworks": false,
            "delete_default_routes_on_create": false,
            "description": "",
            "gateway_ipv4": "",
            "id": "projects/cactuslizard-348315/global/networks/cactuslizard-mgmtvpc-f6d3",
            "mtu": 0,
            "name": "cactuslizard-mgmtvpc-f6d3",
            "project": "cactuslizard-348315",
            "routing_mode": "REGIONAL",
            "self_link": "https://www.googleapis.com/compute/v1/projects/cactuslizard-348315/global/networks/cactuslizard-mgmtvpc-f6d3",
            "timeouts": null
          },
          "sensitive_attributes": [],
          "private": "eyJlMmJmYjczMC1lY2FhLTExZTYtOGY4OC0zNDM2M2JjN2M0YzAiOnsiY3JlYXRlIjoyNDAwMDAwMDAwMDAsImRlbGV0ZSI6MjQwMDAwMDAwMDAwLCJ1cGRhdGUiOjI0MDAwMDAwMDAwMH19",
          "dependencies": [
            "random_id.id"
          ]
        }
      ]
    },
    {
      "mode": "managed",
      "type": "google_compute_subnetwork",
      "name": "external_subnetwork",
      "provider": "provider[\"registry.terraform.io/hashicorp/google\"]",
      "instances": [
        {
          "schema_version": 0,
          "attributes": {
            "creation_timestamp": "2022-06-09T06:19:24.010-07:00",
            "description": "",
            "external_ipv6_prefix": "",
            "fingerprint": null,
            "gateway_address": "10.2.0.1",
            "id": "projects/cactuslizard-348315/regions/us-west1/subnetworks/cactuslizard-ext-f6d3",
            "ip_cidr_range": "10.2.0.0/16",
            "ipv6_access_type": "",
            "ipv6_cidr_range": "",
            "log_config": [],
            "name": "cactuslizard-ext-f6d3",
            "network": "https://www.googleapis.com/compute/v1/projects/cactuslizard-348315/global/networks/cactuslizard-extvpc-f6d3",
            "private_ip_google_access": false,
            "private_ipv6_google_access": "DISABLE_GOOGLE_ACCESS",
            "project": "cactuslizard-348315",
            "purpose": "PRIVATE",
            "region": "us-west1",
            "role": "",
            "secondary_ip_range": [],
            "self_link": "https://www.googleapis.com/compute/v1/projects/cactuslizard-348315/regions/us-west1/subnetworks/cactuslizard-ext-f6d3",
            "stack_type": "IPV4_ONLY",
            "timeouts": null
          },
          "sensitive_attributes": [],
          "private": "eyJlMmJmYjczMC1lY2FhLTExZTYtOGY4OC0zNDM2M2JjN2M0YzAiOnsiY3JlYXRlIjozNjAwMDAwMDAwMDAsImRlbGV0ZSI6MzYwMDAwMDAwMDAwLCJ1cGRhdGUiOjM2MDAwMDAwMDAwMH19",
          "dependencies": [
            "google_compute_network.extvpc",
            "random_id.id"
          ]
        }
      ]
    },
    {
      "mode": "managed",
      "type": "google_compute_subnetwork",
      "name": "internal_subnetwork",
      "provider": "provider[\"registry.terraform.io/hashicorp/google\"]",
      "instances": [
        {
          "schema_version": 0,
          "attributes": {
            "creation_timestamp": "2022-06-09T06:19:13.431-07:00",
            "description": "",
            "external_ipv6_prefix": "",
            "fingerprint": null,
            "gateway_address": "10.3.0.1",
            "id": "projects/cactuslizard-348315/regions/us-west1/subnetworks/cactuslizard-int-f6d3",
            "ip_cidr_range": "10.3.0.0/16",
            "ipv6_access_type": "",
            "ipv6_cidr_range": "",
            "log_config": [],
            "name": "cactuslizard-int-f6d3",
            "network": "https://www.googleapis.com/compute/v1/projects/cactuslizard-348315/global/networks/cactuslizard-intvpc-f6d3",
            "private_ip_google_access": false,
            "private_ipv6_google_access": "DISABLE_GOOGLE_ACCESS",
            "project": "cactuslizard-348315",
            "purpose": "PRIVATE",
            "region": "us-west1",
            "role": "",
            "secondary_ip_range": [],
            "self_link": "https://www.googleapis.com/compute/v1/projects/cactuslizard-348315/regions/us-west1/subnetworks/cactuslizard-int-f6d3",
            "stack_type": "IPV4_ONLY",
            "timeouts": null
          },
          "sensitive_attributes": [],
          "private": "eyJlMmJmYjczMC1lY2FhLTExZTYtOGY4OC0zNDM2M2JjN2M0YzAiOnsiY3JlYXRlIjozNjAwMDAwMDAwMDAsImRlbGV0ZSI6MzYwMDAwMDAwMDAwLCJ1cGRhdGUiOjM2MDAwMDAwMDAwMH19",
          "dependencies": [
            "google_compute_network.intvpc",
            "random_id.id"
          ]
        }
      ]
    },
    {
      "mode": "managed",
      "type": "google_compute_subnetwork",
      "name": "mgmt_subnetwork",
      "provider": "provider[\"registry.terraform.io/hashicorp/google\"]",
      "instances": [
        {
          "schema_version": 0,
          "attributes": {
            "creation_timestamp": "2022-06-09T06:19:23.662-07:00",
            "description": "",
            "external_ipv6_prefix": "",
            "fingerprint": null,
            "gateway_address": "10.1.0.1",
            "id": "projects/cactuslizard-348315/regions/us-west1/subnetworks/cactuslizard-mgmt-f6d3",
            "ip_cidr_range": "10.1.0.0/16",
            "ipv6_access_type": "",
            "ipv6_cidr_range": "",
            "log_config": [],
            "name": "cactuslizard-mgmt-f6d3",
            "network": "https://www.googleapis.com/compute/v1/projects/cactuslizard-348315/global/networks/cactuslizard-mgmtvpc-f6d3",
            "private_ip_google_access": false,
            "private_ipv6_google_access": "DISABLE_GOOGLE_ACCESS",
            "project": "cactuslizard-348315",
            "purpose": "PRIVATE",
            "region": "us-west1",
            "role": "",
            "secondary_ip_range": [],
            "self_link": "https://www.googleapis.com/compute/v1/projects/cactuslizard-348315/regions/us-west1/subnetworks/cactuslizard-mgmt-f6d3",
            "stack_type": "IPV4_ONLY",
            "timeouts": null
          },
          "sensitive_attributes": [],
          "private": "eyJlMmJmYjczMC1lY2FhLTExZTYtOGY4OC0zNDM2M2JjN2M0YzAiOnsiY3JlYXRlIjozNjAwMDAwMDAwMDAsImRlbGV0ZSI6MzYwMDAwMDAwMDAwLCJ1cGRhdGUiOjM2MDAwMDAwMDAwMH19",
          "dependencies": [
            "google_compute_network.mgmtvpc",
            "random_id.id"
          ]
        }
      ]
    },
    {
      "mode": "managed",
      "type": "random_id",
      "name": "id",
      "provider": "provider[\"registry.terraform.io/hashicorp/random\"]",
      "instances": [
        {
          "schema_version": 0,
          "attributes": {
            "b64_std": "9tM=",
            "b64_url": "9tM",
            "byte_length": 2,
            "dec": "63187",
            "hex": "f6d3",
            "id": "9tM",
            "keepers": null,
            "prefix": null
          },
          "sensitive_attributes": [],
          "private": "bnVsbA=="
        }
      ]
    },
    {
      "mode": "managed",
      "type": "random_string",
      "name": "password",
      "provider": "provider[\"registry.terraform.io/hashicorp/random\"]",
      "instances": [
        {
          "schema_version": 2,
          "attributes": {
            "id": "5axl2ICm1JrbUST2",
            "keepers": null,
            "length": 16,
            "lower": true,
            "min_lower": 1,
            "min_numeric": 1,
            "min_special": 0,
            "min_upper": 1,
            "number": true,
            "numeric": true,
            "override_special": null,
            "result": "5axl2ICm1JrbUST2",
            "special": false,
            "upper": true
          },
          "sensitive_attributes": [],
          "private": "eyJzY2hlbWFfdmVyc2lvbiI6IjIifQ=="
        }
      ]
    },
    {
      "module": "module.bigip[0]",
      "mode": "data",
      "type": "template_file",
      "name": "startup_script",
      "provider": "provider[\"registry.terraform.io/hashicorp/template\"]",
      "instances": [
        {
          "schema_version": 0,
          "attributes": {
            "filename": null,
            "id": "add77fc891ba485b197fc64d4664fc4a4e7ca1db9947ed2a7c9609885e6aad3c",
            "rendered": "#!/bin/bash\n# Setup console and startup-script logging\nLOG_FILE=/var/log/cloud/startup-script.log\nmkdir -p  /var/log/cloud\n[[ -f $LOG_FILE ]] || /usr/bin/touch $LOG_FILE\nnpipe=/tmp/$$.tmp\ntrap \"rm -f $npipe\" EXIT\nmknod $npipe p\ntee \u003c$npipe -a $LOG_FILE /dev/ttyS0 \u0026\nexec 1\u003e\u0026-\nexec 1\u003e$npipe\nexec 2\u003e\u00261\n\n# skip startup script if already complete\nif [[ -f /config/startup_finished ]]; then\n  echo \"Onboarding complete, skip startup script\"\n  exit\nfi\n\nmkdir -p /config/cloud /var/config/rest/downloads /var/lib/cloud/icontrollx_installs\n\n\n# Create runtime configuration on first boot\nif [[ ! -f /config/nicswap_finished ]]; then\ncat \u003c\u003c 'EOF' \u003e /config/cloud/runtime-init-conf.yaml\n---\nruntime_parameters:\n  - name: USER_NAME\n    type: static\n    value: bigipuser\n  - name: SSH_KEYS\n    type: static\n    value: \"ssh-ed25519 AAAAC3NzaC1lZDI1NTE5AAAAIEPGbpvv1KJrXngbeEiYn8hnTvbnIZF/47YDmVkOs1yf jonwest1@gmail.com\n\"\nEOF\n\nif false; then\n   cat \u003c\u003c 'EOF' \u003e\u003e /config/cloud/runtime-init-conf.yaml\n  - name: ADMIN_PASS\n    type: secret\n    secretProvider:\n      environment: gcp\n      type: SecretsManager\n      version: latest\n      secretId: V2Iqkh4zf3ItjD04\nEOF\nelse\n   cat \u003c\u003c 'EOF' \u003e\u003e /config/cloud/runtime-init-conf.yaml\n  - name: ADMIN_PASS\n    type: static\n    value: V2Iqkh4zf3ItjD04\nEOF\nfi\n\ncat /config/cloud/runtime-init-conf.yaml \u003e /config/cloud/runtime-init-conf-backup.yaml\n\ncat \u003c\u003c 'EOF' \u003e\u003e /config/cloud/runtime-init-conf.yaml\npre_onboard_enabled:\n  - name: provision_rest\n    type: inline\n    commands:\n      - /usr/bin/setdb provision.extramb 1024\n      - /usr/bin/setdb restjavad.useextramb true\nextension_packages: \n  install_operations:\n    - extensionType: do\n      extensionVersion: v1.27.0\n      extensionUrl: https://github.com/F5Networks/f5-declarative-onboarding/releases/download/v1.27.0/f5-declarative-onboarding-1.27.0-6.noarch.rpm\n    - extensionType: as3\n      extensionVersion: v3.34.0\n      extensionUrl: https://github.com/F5Networks/f5-appsvcs-extension/releases/download/v3.34.0/f5-appsvcs-3.34.0-4.noarch.rpm\n    - extensionType: ts\n      extensionVersion: v1.26.0\n      extensionUrl: https://github.com/F5Networks/f5-telemetry-streaming/releases/download/v1.26.0/f5-telemetry-1.26.0-3.noarch.rpm\n    - extensionType: cf\n      extensionVersion: v1.10.0\n      extensionUrl: https://github.com/F5Networks/f5-cloud-failover-extension/releases/download/v1.10.0/f5-cloud-failover-1.10.0-0.noarch.rpm\n    - extensionType: fast\n      extensionVersion: v1.15.0\n      extensionUrl: https://github.com/F5Networks/f5-appsvcs-templates/releases/download/v1.15.0/f5-appsvcs-templates-1.15.0-1.noarch.rpm\nextension_services: \n  service_operations:\n    - extensionType: do\n      type: url\n      value: https://raw.githubusercontent.com/F5Networks/terraform-gcp-bigip-module/main/config/onboard_do.json\nEOF\nfi\n\ncat \u003c\u003c 'EOF' \u003e\u003e /config/cloud/runtime-init-conf-backup.yaml\nextension_services:\n  service_operations:\n    - extensionType: do\n      type: url\n      value: https://raw.githubusercontent.com/F5Networks/terraform-gcp-bigip-module/main/config/onboard_do.json\nEOF\n\n# Create nic_swap script when multi nic on first boot\nCOMPUTE_BASE_URL=\"http://metadata.google.internal/computeMetadata/v1\"\n\nif [[ true \u0026\u0026 ! -f /config/nicswap_finished ]]; then\n   cat \u003c\u003c 'EOF' \u003e\u003e /config/cloud/nic_swap.sh\n   #!/bin/bash\n   source /usr/lib/bigstart/bigip-ready-functions\n   wait_bigip_ready\n   echo \"before nic swapping\"\n   tmsh list sys db provision.1nicautoconfig\n   tmsh list sys db provision.managementeth\n   echo \"after nic swapping\"\n   bigstart stop tmm\n   tmsh modify sys db provision.managementeth value eth1\n   tmsh modify sys db provision.1nicautoconfig value disable\n   bigstart start tmm\n   wait_bigip_ready\n   echo \"---Mgmt interface setting---\"\n   tmsh list sys db provision.managementeth\n   tmsh list sys db provision.1nicautoconfig\n   sed -i \"s/iface0=eth0/iface0=eth1/g\" /etc/ts/common/image.cfg\n   echo \"Done changing interface\"\n   echo \"Set TMM networks\"\n   MGMTADDRESS=$(curl -s -f --retry 10 -H \"Metadata-Flavor: Google\" http://metadata.google.internal/computeMetadata/v1/instance/network-interfaces/1/ip)\n   MGMTMASK=$(curl -s -f --retry 10 -H \"Metadata-Flavor: Google\" http://metadata.google.internal/computeMetadata/v1/instance/network-interfaces/1/subnetmask)\n   MGMTGATEWAY=$(curl -s -f --retry 10 -H \"Metadata-Flavor: Google\" http://metadata.google.internal/computeMetadata/v1/instance/network-interfaces/1/gateway)\n   MGMTMTU=$(curl -s -f --retry 10 -H \"Metadata-Flavor: Google\" http://metadata.google.internal/computeMetadata/v1/instance/network-interfaces/1/mtu)\n   MGMTNETWORK=$(/bin/ipcalc -n $MGMTADDRESS $MGMTMASK | cut -d= -f2)\n   echo $MGMTADDRESS\n   echo $MGMTMASK\n   echo $MGMTGATEWAY\n   echo $MGMTMTU\n   echo $MGMTNETWORK   \n   tmsh modify sys global-settings gui-setup disabled\n   tmsh modify sys global-settings mgmt-dhcp disabled\n   tmsh delete sys management-route all \n   tmsh delete sys management-ip all\n   tmsh create sys management-ip ${MGMTADDRESS}/32\n   tmsh create sys management-route mgmt_gw network ${MGMTGATEWAY}/32 type interface mtu ${MGMTMTU}\n   tmsh create sys management-route mgmt_net network ${MGMTNETWORK}/${MGMTMASK} gateway ${MGMTGATEWAY} mtu ${MGMTMTU}\n   tmsh create sys management-route default gateway ${MGMTGATEWAY} mtu ${MGMTMTU}\n   tmsh modify sys global-settings remote-host add { metadata.google.internal { hostname metadata.google.internal addr 169.254.169.254 } }\n   tmsh modify sys management-dhcp sys-mgmt-dhcp-config request-options delete { ntp-servers }\n   tmsh save /sys config\n   /usr/bin/touch /config/nicswap_finished\n   reboot\nEOF\nfi\n\n# Create run_runtime_init.sh script on first boot\nif [[ ! -f /config/nicswap_finished ]]; then\n  cat \u003c\u003c 'EOF' \u003e\u003e /config/cloud/run_runtime_init.sh\n  #!/bin/bash\n  source /usr/lib/bigstart/bigip-ready-functions\n  wait_bigip_ready\n  for i in {1..30}; do\n    curl -fv --retry 1 --connect-timeout 5 -L https://cdn.f5.com/product/cloudsolutions/f5-bigip-runtime-init/v1.4.1/dist/f5-bigip-runtime-init-1.4.1-1.gz.run -o \"/var/config/rest/downloads/f5-bigip-runtime-init.gz.run\" \u0026\u0026 break || sleep 10\n  done\n  bash /var/config/rest/downloads/f5-bigip-runtime-init.gz.run -- '--cloud gcp' 2\u003e\u00261\n  /usr/local/bin/f5-bigip-runtime-init --config-file /config/cloud/runtime-init-conf.yaml 2\u003e\u00261\n  sleep 5\n  /usr/local/bin/f5-bigip-runtime-init --config-file /config/cloud/runtime-init-conf-backup.yaml 2\u003e\u00261\n  /usr/bin/touch /config/startup_finished\nEOF\nfi\n\n# Run scripts based on number of nics\nif true; then\n  if [[ -f /config/nicswap_finished ]]; then\n    echo \"Running run_runtime_init.sh\"\n    chmod +x /config/cloud/run_runtime_init.sh\n    nohup /config/cloud/run_runtime_init.sh \u0026\n  else\n    chmod +x /config/cloud/nic_swap.sh\n    nohup /config/cloud/nic_swap.sh \u0026\n  fi\nelse\n    echo \"Running run_runtime_init.sh\"\n    chmod +x /config/cloud/run_runtime_init.sh\n    nohup /config/cloud/run_runtime_init.sh \u0026\nfi\n\n",
            "template": "#!/bin/bash\n# Setup console and startup-script logging\nLOG_FILE=/var/log/cloud/startup-script.log\nmkdir -p  /var/log/cloud\n[[ -f $LOG_FILE ]] || /usr/bin/touch $LOG_FILE\nnpipe=/tmp/$$.tmp\ntrap \"rm -f $npipe\" EXIT\nmknod $npipe p\ntee \u003c$npipe -a $LOG_FILE /dev/ttyS0 \u0026\nexec 1\u003e\u0026-\nexec 1\u003e$npipe\nexec 2\u003e\u00261\n\n# skip startup script if already complete\nif [[ -f /config/startup_finished ]]; then\n  echo \"Onboarding complete, skip startup script\"\n  exit\nfi\n\nmkdir -p /config/cloud /var/config/rest/downloads /var/lib/cloud/icontrollx_installs\n\n\n# Create runtime configuration on first boot\nif [[ ! -f /config/nicswap_finished ]]; then\ncat \u003c\u003c 'EOF' \u003e /config/cloud/runtime-init-conf.yaml\n---\nruntime_parameters:\n  - name: USER_NAME\n    type: static\n    value: ${bigip_username}\n  - name: SSH_KEYS\n    type: static\n    value: \"${ssh_keypair}\"\nEOF\n\nif ${gcp_secret_manager_authentication}; then\n   cat \u003c\u003c 'EOF' \u003e\u003e /config/cloud/runtime-init-conf.yaml\n  - name: ADMIN_PASS\n    type: secret\n    secretProvider:\n      environment: gcp\n      type: SecretsManager\n      version: latest\n      secretId: ${bigip_password}\nEOF\nelse\n   cat \u003c\u003c 'EOF' \u003e\u003e /config/cloud/runtime-init-conf.yaml\n  - name: ADMIN_PASS\n    type: static\n    value: ${bigip_password}\nEOF\nfi\n\ncat /config/cloud/runtime-init-conf.yaml \u003e /config/cloud/runtime-init-conf-backup.yaml\n\ncat \u003c\u003c 'EOF' \u003e\u003e /config/cloud/runtime-init-conf.yaml\npre_onboard_enabled:\n  - name: provision_rest\n    type: inline\n    commands:\n      - /usr/bin/setdb provision.extramb 1024\n      - /usr/bin/setdb restjavad.useextramb true\nextension_packages: \n  install_operations:\n    - extensionType: do\n      extensionVersion: ${DO_VER}\n      extensionUrl: ${DO_URL}\n    - extensionType: as3\n      extensionVersion: ${AS3_VER}\n      extensionUrl: ${AS3_URL}\n    - extensionType: ts\n      extensionVersion: ${TS_VER}\n      extensionUrl: ${TS_URL}\n    - extensionType: cf\n      extensionVersion: ${CFE_VER}\n      extensionUrl: ${CFE_URL}\n    - extensionType: fast\n      extensionVersion: ${FAST_VER}\n      extensionUrl: ${FAST_URL}\nextension_services: \n  service_operations:\n    - extensionType: do\n      type: url\n      value: https://raw.githubusercontent.com/F5Networks/terraform-gcp-bigip-module/main/config/onboard_do.json\nEOF\nfi\n\ncat \u003c\u003c 'EOF' \u003e\u003e /config/cloud/runtime-init-conf-backup.yaml\nextension_services:\n  service_operations:\n    - extensionType: do\n      type: url\n      value: https://raw.githubusercontent.com/F5Networks/terraform-gcp-bigip-module/main/config/onboard_do.json\nEOF\n\n# Create nic_swap script when multi nic on first boot\nCOMPUTE_BASE_URL=\"http://metadata.google.internal/computeMetadata/v1\"\n\nif [[ ${NIC_COUNT} \u0026\u0026 ! -f /config/nicswap_finished ]]; then\n   cat \u003c\u003c 'EOF' \u003e\u003e /config/cloud/nic_swap.sh\n   #!/bin/bash\n   source /usr/lib/bigstart/bigip-ready-functions\n   wait_bigip_ready\n   echo \"before nic swapping\"\n   tmsh list sys db provision.1nicautoconfig\n   tmsh list sys db provision.managementeth\n   echo \"after nic swapping\"\n   bigstart stop tmm\n   tmsh modify sys db provision.managementeth value eth1\n   tmsh modify sys db provision.1nicautoconfig value disable\n   bigstart start tmm\n   wait_bigip_ready\n   echo \"---Mgmt interface setting---\"\n   tmsh list sys db provision.managementeth\n   tmsh list sys db provision.1nicautoconfig\n   sed -i \"s/iface0=eth0/iface0=eth1/g\" /etc/ts/common/image.cfg\n   echo \"Done changing interface\"\n   echo \"Set TMM networks\"\n   MGMTADDRESS=$(curl -s -f --retry 10 -H \"Metadata-Flavor: Google\" http://metadata.google.internal/computeMetadata/v1/instance/network-interfaces/1/ip)\n   MGMTMASK=$(curl -s -f --retry 10 -H \"Metadata-Flavor: Google\" http://metadata.google.internal/computeMetadata/v1/instance/network-interfaces/1/subnetmask)\n   MGMTGATEWAY=$(curl -s -f --retry 10 -H \"Metadata-Flavor: Google\" http://metadata.google.internal/computeMetadata/v1/instance/network-interfaces/1/gateway)\n   MGMTMTU=$(curl -s -f --retry 10 -H \"Metadata-Flavor: Google\" http://metadata.google.internal/computeMetadata/v1/instance/network-interfaces/1/mtu)\n   MGMTNETWORK=$(/bin/ipcalc -n $MGMTADDRESS $MGMTMASK | cut -d= -f2)\n   echo $MGMTADDRESS\n   echo $MGMTMASK\n   echo $MGMTGATEWAY\n   echo $MGMTMTU\n   echo $MGMTNETWORK   \n   tmsh modify sys global-settings gui-setup disabled\n   tmsh modify sys global-settings mgmt-dhcp disabled\n   tmsh delete sys management-route all \n   tmsh delete sys management-ip all\n   tmsh create sys management-ip $${MGMTADDRESS}/32\n   tmsh create sys management-route mgmt_gw network $${MGMTGATEWAY}/32 type interface mtu $${MGMTMTU}\n   tmsh create sys management-route mgmt_net network $${MGMTNETWORK}/$${MGMTMASK} gateway $${MGMTGATEWAY} mtu $${MGMTMTU}\n   tmsh create sys management-route default gateway $${MGMTGATEWAY} mtu $${MGMTMTU}\n   tmsh modify sys global-settings remote-host add { metadata.google.internal { hostname metadata.google.internal addr 169.254.169.254 } }\n   tmsh modify sys management-dhcp sys-mgmt-dhcp-config request-options delete { ntp-servers }\n   tmsh save /sys config\n   /usr/bin/touch /config/nicswap_finished\n   reboot\nEOF\nfi\n\n# Create run_runtime_init.sh script on first boot\nif [[ ! -f /config/nicswap_finished ]]; then\n  cat \u003c\u003c 'EOF' \u003e\u003e /config/cloud/run_runtime_init.sh\n  #!/bin/bash\n  source /usr/lib/bigstart/bigip-ready-functions\n  wait_bigip_ready\n  for i in {1..30}; do\n    curl -fv --retry 1 --connect-timeout 5 -L ${INIT_URL} -o \"/var/config/rest/downloads/f5-bigip-runtime-init.gz.run\" \u0026\u0026 break || sleep 10\n  done\n  bash /var/config/rest/downloads/f5-bigip-runtime-init.gz.run -- '--cloud gcp' 2\u003e\u00261\n  /usr/local/bin/f5-bigip-runtime-init --config-file /config/cloud/runtime-init-conf.yaml 2\u003e\u00261\n  sleep 5\n  /usr/local/bin/f5-bigip-runtime-init --config-file /config/cloud/runtime-init-conf-backup.yaml 2\u003e\u00261\n  /usr/bin/touch /config/startup_finished\nEOF\nfi\n\n# Run scripts based on number of nics\nif ${NIC_COUNT}; then\n  if [[ -f /config/nicswap_finished ]]; then\n    echo \"Running run_runtime_init.sh\"\n    chmod +x /config/cloud/run_runtime_init.sh\n    nohup /config/cloud/run_runtime_init.sh \u0026\n  else\n    chmod +x /config/cloud/nic_swap.sh\n    nohup /config/cloud/nic_swap.sh \u0026\n  fi\nelse\n    echo \"Running run_runtime_init.sh\"\n    chmod +x /config/cloud/run_runtime_init.sh\n    nohup /config/cloud/run_runtime_init.sh \u0026\nfi\n\n",
            "vars": {
              "AS3_URL": "https://github.com/F5Networks/f5-appsvcs-extension/releases/download/v3.34.0/f5-appsvcs-3.34.0-4.noarch.rpm",
              "AS3_VER": "v3.34.0",
              "CFE_URL": "https://github.com/F5Networks/f5-cloud-failover-extension/releases/download/v1.10.0/f5-cloud-failover-1.10.0-0.noarch.rpm",
              "CFE_VER": "v1.10.0",
              "DO_URL": "https://github.com/F5Networks/f5-declarative-onboarding/releases/download/v1.27.0/f5-declarative-onboarding-1.27.0-6.noarch.rpm",
              "DO_VER": "v1.27.0",
              "FAST_URL": "https://github.com/F5Networks/f5-appsvcs-templates/releases/download/v1.15.0/f5-appsvcs-templates-1.15.0-1.noarch.rpm",
              "FAST_VER": "v1.15.0",
              "INIT_URL": "https://cdn.f5.com/product/cloudsolutions/f5-bigip-runtime-init/v1.4.1/dist/f5-bigip-runtime-init-1.4.1-1.gz.run",
              "NIC_COUNT": "true",
              "TS_URL": "https://github.com/F5Networks/f5-telemetry-streaming/releases/download/v1.26.0/f5-telemetry-1.26.0-3.noarch.rpm",
              "TS_VER": "v1.26.0",
              "bigip_password": "V2Iqkh4zf3ItjD04",
              "bigip_username": "bigipuser",
              "gcp_secret_manager_authentication": "false",
              "libs_dir": "/config/cloud/gcp/node_modules",
              "onboard_log": "/var/log/startup-script.log",
              "ssh_keypair": "ssh-ed25519 AAAAC3NzaC1lZDI1NTE5AAAAIEPGbpvv1KJrXngbeEiYn8hnTvbnIZF/47YDmVkOs1yf jonwest1@gmail.com\n"
            }
          },
          "sensitive_attributes": []
        }
      ]
    },
    {
      "module": "module.bigip[0]",
      "mode": "managed",
      "type": "google_compute_address",
      "name": "external_public_ip",
      "provider": "provider[\"registry.terraform.io/hashicorp/google\"]",
      "instances": [
        {
          "index_key": 0,
          "schema_version": 0,
          "attributes": {
            "address": "34.168.185.112",
            "address_type": "EXTERNAL",
            "creation_timestamp": "2022-06-09T06:19:38.696-07:00",
            "description": "",
            "id": "projects/cactuslizard-348315/regions/us-west1/addresses/cactuslizard-3nic-ext-publicip-0-1147",
            "name": "cactuslizard-3nic-ext-publicip-0-1147",
            "network": "",
            "network_tier": "PREMIUM",
            "prefix_length": 0,
            "project": "cactuslizard-348315",
            "purpose": "",
            "region": "us-west1",
            "self_link": "https://www.googleapis.com/compute/v1/projects/cactuslizard-348315/regions/us-west1/addresses/cactuslizard-3nic-ext-publicip-0-1147",
            "subnetwork": "",
            "timeouts": null,
            "users": []
          },
          "sensitive_attributes": [],
          "private": "eyJlMmJmYjczMC1lY2FhLTExZTYtOGY4OC0zNDM2M2JjN2M0YzAiOnsiY3JlYXRlIjoyNDAwMDAwMDAwMDAsImRlbGV0ZSI6MjQwMDAwMDAwMDAwfX0=",
          "dependencies": [
            "google_compute_network.extvpc",
            "google_compute_subnetwork.external_subnetwork",
            "module.bigip.random_id.module_id",
            "random_id.id"
          ]
        }
      ]
    },
    {
      "module": "module.bigip[0]",
      "mode": "managed",
      "type": "google_compute_address",
      "name": "mgmt_public_ip",
      "provider": "provider[\"registry.terraform.io/hashicorp/google\"]",
      "instances": [
        {
          "index_key": 0,
          "schema_version": 0,
          "attributes": {
            "address": "34.145.123.207",
            "address_type": "EXTERNAL",
            "creation_timestamp": "2022-06-09T06:19:38.189-07:00",
            "description": "",
            "id": "projects/cactuslizard-348315/regions/us-west1/addresses/cactuslizard-3nic-mgmt-publicip-1147",
            "name": "cactuslizard-3nic-mgmt-publicip-1147",
            "network": "",
            "network_tier": "PREMIUM",
            "prefix_length": 0,
            "project": "cactuslizard-348315",
            "purpose": "",
            "region": "us-west1",
            "self_link": "https://www.googleapis.com/compute/v1/projects/cactuslizard-348315/regions/us-west1/addresses/cactuslizard-3nic-mgmt-publicip-1147",
            "subnetwork": "",
            "timeouts": null,
            "users": []
          },
          "sensitive_attributes": [],
          "private": "eyJlMmJmYjczMC1lY2FhLTExZTYtOGY4OC0zNDM2M2JjN2M0YzAiOnsiY3JlYXRlIjoyNDAwMDAwMDAwMDAsImRlbGV0ZSI6MjQwMDAwMDAwMDAwfX0=",
          "dependencies": [
            "google_compute_network.mgmtvpc",
            "google_compute_subnetwork.mgmt_subnetwork",
            "module.bigip.random_id.module_id",
            "random_id.id"
          ]
        }
      ]
    },
    {
      "module": "module.bigip[0]",
      "mode": "managed",
      "type": "google_compute_instance",
      "name": "f5vm01",
      "provider": "provider[\"registry.terraform.io/hashicorp/google\"]",
      "instances": [
        {
          "schema_version": 6,
          "attributes": {
            "advanced_machine_features": [],
            "allow_stopping_for_update": null,
            "attached_disk": [],
            "boot_disk": [
              {
                "auto_delete": true,
                "device_name": "persistent-disk-0",
                "disk_encryption_key_raw": "",
                "disk_encryption_key_sha256": "",
                "initialize_params": [
                  {
                    "image": "https://www.googleapis.com/compute/v1/projects/f5-7626-networks-public/global/images/f5-bigip-16-1-2-1-0-0-10-byol-all-modules-1boot-loc-1222202155",
                    "labels": {},
                    "size": 54,
                    "type": "pd-ssd"
                  }
                ],
                "kms_key_self_link": "",
                "mode": "READ_WRITE",
                "source": "https://www.googleapis.com/compute/v1/projects/cactuslizard-348315/zones/us-west1-b/disks/cactuslizard-3nic-1147"
              }
            ],
            "can_ip_forward": true,
            "confidential_instance_config": [],
            "cpu_platform": "Intel Skylake",
            "current_status": "RUNNING",
            "deletion_protection": false,
            "description": "",
            "desired_status": null,
            "enable_display": false,
            "guest_accelerator": [],
            "hostname": "",
            "id": "projects/cactuslizard-348315/zones/us-west1-b/instances/cactuslizard-3nic-1147",
            "instance_id": "8683998094084033944",
            "label_fingerprint": "42WmSpB8rSM=",
            "labels": null,
            "machine_type": "n1-standard-4",
            "metadata": {
              "sshKeys": "ssh-ed25519 AAAAC3NzaC1lZDI1NTE5AAAAIEPGbpvv1KJrXngbeEiYn8hnTvbnIZF/47YDmVkOs1yf jonwest1@gmail.com\n"
            },
            "metadata_fingerprint": "UmUBfS68DHI=",
            "metadata_startup_script": "#!/bin/bash\n# Setup console and startup-script logging\nLOG_FILE=/var/log/cloud/startup-script.log\nmkdir -p  /var/log/cloud\n[[ -f $LOG_FILE ]] || /usr/bin/touch $LOG_FILE\nnpipe=/tmp/$$.tmp\ntrap \"rm -f $npipe\" EXIT\nmknod $npipe p\ntee \u003c$npipe -a $LOG_FILE /dev/ttyS0 \u0026\nexec 1\u003e\u0026-\nexec 1\u003e$npipe\nexec 2\u003e\u00261\n\n# skip startup script if already complete\nif [[ -f /config/startup_finished ]]; then\n  echo \"Onboarding complete, skip startup script\"\n  exit\nfi\n\nmkdir -p /config/cloud /var/config/rest/downloads /var/lib/cloud/icontrollx_installs\n\n\n# Create runtime configuration on first boot\nif [[ ! -f /config/nicswap_finished ]]; then\ncat \u003c\u003c 'EOF' \u003e /config/cloud/runtime-init-conf.yaml\n---\nruntime_parameters:\n  - name: USER_NAME\n    type: static\n    value: bigipuser\n  - name: SSH_KEYS\n    type: static\n    value: \"ssh-ed25519 AAAAC3NzaC1lZDI1NTE5AAAAIEPGbpvv1KJrXngbeEiYn8hnTvbnIZF/47YDmVkOs1yf jonwest1@gmail.com\n\"\nEOF\n\nif false; then\n   cat \u003c\u003c 'EOF' \u003e\u003e /config/cloud/runtime-init-conf.yaml\n  - name: ADMIN_PASS\n    type: secret\n    secretProvider:\n      environment: gcp\n      type: SecretsManager\n      version: latest\n      secretId: V2Iqkh4zf3ItjD04\nEOF\nelse\n   cat \u003c\u003c 'EOF' \u003e\u003e /config/cloud/runtime-init-conf.yaml\n  - name: ADMIN_PASS\n    type: static\n    value: V2Iqkh4zf3ItjD04\nEOF\nfi\n\ncat /config/cloud/runtime-init-conf.yaml \u003e /config/cloud/runtime-init-conf-backup.yaml\n\ncat \u003c\u003c 'EOF' \u003e\u003e /config/cloud/runtime-init-conf.yaml\npre_onboard_enabled:\n  - name: provision_rest\n    type: inline\n    commands:\n      - /usr/bin/setdb provision.extramb 1024\n      - /usr/bin/setdb restjavad.useextramb true\nextension_packages: \n  install_operations:\n    - extensionType: do\n      extensionVersion: v1.27.0\n      extensionUrl: https://github.com/F5Networks/f5-declarative-onboarding/releases/download/v1.27.0/f5-declarative-onboarding-1.27.0-6.noarch.rpm\n    - extensionType: as3\n      extensionVersion: v3.34.0\n      extensionUrl: https://github.com/F5Networks/f5-appsvcs-extension/releases/download/v3.34.0/f5-appsvcs-3.34.0-4.noarch.rpm\n    - extensionType: ts\n      extensionVersion: v1.26.0\n      extensionUrl: https://github.com/F5Networks/f5-telemetry-streaming/releases/download/v1.26.0/f5-telemetry-1.26.0-3.noarch.rpm\n    - extensionType: cf\n      extensionVersion: v1.10.0\n      extensionUrl: https://github.com/F5Networks/f5-cloud-failover-extension/releases/download/v1.10.0/f5-cloud-failover-1.10.0-0.noarch.rpm\n    - extensionType: fast\n      extensionVersion: v1.15.0\n      extensionUrl: https://github.com/F5Networks/f5-appsvcs-templates/releases/download/v1.15.0/f5-appsvcs-templates-1.15.0-1.noarch.rpm\nextension_services: \n  service_operations:\n    - extensionType: do\n      type: url\n      value: https://raw.githubusercontent.com/F5Networks/terraform-gcp-bigip-module/main/config/onboard_do.json\nEOF\nfi\n\ncat \u003c\u003c 'EOF' \u003e\u003e /config/cloud/runtime-init-conf-backup.yaml\nextension_services:\n  service_operations:\n    - extensionType: do\n      type: url\n      value: https://raw.githubusercontent.com/F5Networks/terraform-gcp-bigip-module/main/config/onboard_do.json\nEOF\n\n# Create nic_swap script when multi nic on first boot\nCOMPUTE_BASE_URL=\"http://metadata.google.internal/computeMetadata/v1\"\n\nif [[ true \u0026\u0026 ! -f /config/nicswap_finished ]]; then\n   cat \u003c\u003c 'EOF' \u003e\u003e /config/cloud/nic_swap.sh\n   #!/bin/bash\n   source /usr/lib/bigstart/bigip-ready-functions\n   wait_bigip_ready\n   echo \"before nic swapping\"\n   tmsh list sys db provision.1nicautoconfig\n   tmsh list sys db provision.managementeth\n   echo \"after nic swapping\"\n   bigstart stop tmm\n   tmsh modify sys db provision.managementeth value eth1\n   tmsh modify sys db provision.1nicautoconfig value disable\n   bigstart start tmm\n   wait_bigip_ready\n   echo \"---Mgmt interface setting---\"\n   tmsh list sys db provision.managementeth\n   tmsh list sys db provision.1nicautoconfig\n   sed -i \"s/iface0=eth0/iface0=eth1/g\" /etc/ts/common/image.cfg\n   echo \"Done changing interface\"\n   echo \"Set TMM networks\"\n   MGMTADDRESS=$(curl -s -f --retry 10 -H \"Metadata-Flavor: Google\" http://metadata.google.internal/computeMetadata/v1/instance/network-interfaces/1/ip)\n   MGMTMASK=$(curl -s -f --retry 10 -H \"Metadata-Flavor: Google\" http://metadata.google.internal/computeMetadata/v1/instance/network-interfaces/1/subnetmask)\n   MGMTGATEWAY=$(curl -s -f --retry 10 -H \"Metadata-Flavor: Google\" http://metadata.google.internal/computeMetadata/v1/instance/network-interfaces/1/gateway)\n   MGMTMTU=$(curl -s -f --retry 10 -H \"Metadata-Flavor: Google\" http://metadata.google.internal/computeMetadata/v1/instance/network-interfaces/1/mtu)\n   MGMTNETWORK=$(/bin/ipcalc -n $MGMTADDRESS $MGMTMASK | cut -d= -f2)\n   echo $MGMTADDRESS\n   echo $MGMTMASK\n   echo $MGMTGATEWAY\n   echo $MGMTMTU\n   echo $MGMTNETWORK   \n   tmsh modify sys global-settings gui-setup disabled\n   tmsh modify sys global-settings mgmt-dhcp disabled\n   tmsh delete sys management-route all \n   tmsh delete sys management-ip all\n   tmsh create sys management-ip ${MGMTADDRESS}/32\n   tmsh create sys management-route mgmt_gw network ${MGMTGATEWAY}/32 type interface mtu ${MGMTMTU}\n   tmsh create sys management-route mgmt_net network ${MGMTNETWORK}/${MGMTMASK} gateway ${MGMTGATEWAY} mtu ${MGMTMTU}\n   tmsh create sys management-route default gateway ${MGMTGATEWAY} mtu ${MGMTMTU}\n   tmsh modify sys global-settings remote-host add { metadata.google.internal { hostname metadata.google.internal addr 169.254.169.254 } }\n   tmsh modify sys management-dhcp sys-mgmt-dhcp-config request-options delete { ntp-servers }\n   tmsh save /sys config\n   /usr/bin/touch /config/nicswap_finished\n   reboot\nEOF\nfi\n\n# Create run_runtime_init.sh script on first boot\nif [[ ! -f /config/nicswap_finished ]]; then\n  cat \u003c\u003c 'EOF' \u003e\u003e /config/cloud/run_runtime_init.sh\n  #!/bin/bash\n  source /usr/lib/bigstart/bigip-ready-functions\n  wait_bigip_ready\n  for i in {1..30}; do\n    curl -fv --retry 1 --connect-timeout 5 -L https://cdn.f5.com/product/cloudsolutions/f5-bigip-runtime-init/v1.4.1/dist/f5-bigip-runtime-init-1.4.1-1.gz.run -o \"/var/config/rest/downloads/f5-bigip-runtime-init.gz.run\" \u0026\u0026 break || sleep 10\n  done\n  bash /var/config/rest/downloads/f5-bigip-runtime-init.gz.run -- '--cloud gcp' 2\u003e\u00261\n  /usr/local/bin/f5-bigip-runtime-init --config-file /config/cloud/runtime-init-conf.yaml 2\u003e\u00261\n  sleep 5\n  /usr/local/bin/f5-bigip-runtime-init --config-file /config/cloud/runtime-init-conf-backup.yaml 2\u003e\u00261\n  /usr/bin/touch /config/startup_finished\nEOF\nfi\n\n# Run scripts based on number of nics\nif true; then\n  if [[ -f /config/nicswap_finished ]]; then\n    echo \"Running run_runtime_init.sh\"\n    chmod +x /config/cloud/run_runtime_init.sh\n    nohup /config/cloud/run_runtime_init.sh \u0026\n  else\n    chmod +x /config/cloud/nic_swap.sh\n    nohup /config/cloud/nic_swap.sh \u0026\n  fi\nelse\n    echo \"Running run_runtime_init.sh\"\n    chmod +x /config/cloud/run_runtime_init.sh\n    nohup /config/cloud/run_runtime_init.sh \u0026\nfi\n\n",
            "min_cpu_platform": "Intel Skylake",
            "name": "cactuslizard-3nic-1147",
            "network_interface": [
              {
                "access_config": [
                  {
                    "nat_ip": "34.168.185.112",
                    "network_tier": "PREMIUM",
                    "public_ptr_domain_name": ""
                  }
                ],
                "alias_ip_range": [],
                "ipv6_access_config": [],
                "ipv6_access_type": "",
                "name": "nic0",
                "network": "https://www.googleapis.com/compute/v1/projects/cactuslizard-348315/global/networks/cactuslizard-extvpc-f6d3",
                "network_ip": "10.2.0.2",
                "nic_type": "",
                "stack_type": "IPV4_ONLY",
                "subnetwork": "https://www.googleapis.com/compute/v1/projects/cactuslizard-348315/regions/us-west1/subnetworks/cactuslizard-ext-f6d3",
                "subnetwork_project": "cactuslizard-348315"
              },
              {
                "access_config": [
                  {
                    "nat_ip": "34.145.123.207",
                    "network_tier": "PREMIUM",
                    "public_ptr_domain_name": ""
                  }
                ],
                "alias_ip_range": [],
                "ipv6_access_config": [],
                "ipv6_access_type": "",
                "name": "nic1",
                "network": "https://www.googleapis.com/compute/v1/projects/cactuslizard-348315/global/networks/cactuslizard-mgmtvpc-f6d3",
                "network_ip": "10.1.0.2",
                "nic_type": "",
                "stack_type": "IPV4_ONLY",
                "subnetwork": "https://www.googleapis.com/compute/v1/projects/cactuslizard-348315/regions/us-west1/subnetworks/cactuslizard-mgmt-f6d3",
                "subnetwork_project": "cactuslizard-348315"
              },
              {
                "access_config": [],
                "alias_ip_range": [],
                "ipv6_access_config": [],
                "ipv6_access_type": "",
                "name": "nic2",
                "network": "https://www.googleapis.com/compute/v1/projects/cactuslizard-348315/global/networks/cactuslizard-intvpc-f6d3",
                "network_ip": "10.3.0.2",
                "nic_type": "",
                "stack_type": "IPV4_ONLY",
                "subnetwork": "https://www.googleapis.com/compute/v1/projects/cactuslizard-348315/regions/us-west1/subnetworks/cactuslizard-int-f6d3",
                "subnetwork_project": "cactuslizard-348315"
              }
            ],
            "project": "cactuslizard-348315",
            "reservation_affinity": [],
            "resource_policies": null,
            "scheduling": [
              {
                "automatic_restart": true,
                "min_node_cpus": 0,
                "node_affinities": [],
                "on_host_maintenance": "MIGRATE",
                "preemptible": false
              }
            ],
            "scratch_disk": [],
            "self_link": "https://www.googleapis.com/compute/v1/projects/cactuslizard-348315/zones/us-west1-b/instances/cactuslizard-3nic-1147",
            "service_account": [
              {
                "email": "svc-jw@cactuslizard-348315.iam.gserviceaccount.com",
                "scopes": [
                  "https://www.googleapis.com/auth/cloud-platform"
                ]
              }
            ],
            "shielded_instance_config": [],
            "tags": null,
            "tags_fingerprint": "42WmSpB8rSM=",
            "timeouts": null,
            "zone": "us-west1-b"
          },
          "sensitive_attributes": [],
          "private": "eyJlMmJmYjczMC1lY2FhLTExZTYtOGY4OC0zNDM2M2JjN2M0YzAiOnsiY3JlYXRlIjoxMjAwMDAwMDAwMDAwLCJkZWxldGUiOjEyMDAwMDAwMDAwMDAsInVwZGF0ZSI6MTIwMDAwMDAwMDAwMH0sInNjaGVtYV92ZXJzaW9uIjoiNiJ9",
          "dependencies": [
            "google_compute_network.extvpc",
            "google_compute_network.intvpc",
            "google_compute_network.mgmtvpc",
            "google_compute_subnetwork.external_subnetwork",
            "google_compute_subnetwork.internal_subnetwork",
            "google_compute_subnetwork.mgmt_subnetwork",
            "module.bigip.data.template_file.startup_script",
            "module.bigip.google_compute_address.external_public_ip",
            "module.bigip.google_compute_address.mgmt_public_ip",
            "module.bigip.random_id.module_id",
            "module.bigip.random_string.password",
            "random_id.id"
          ]
        }
      ]
    },
    {
      "module": "module.bigip[0]",
      "mode": "managed",
      "type": "random_id",
      "name": "module_id",
      "provider": "provider[\"registry.terraform.io/hashicorp/random\"]",
      "instances": [
        {
          "schema_version": 0,
          "attributes": {
            "b64_std": "EUc=",
            "b64_url": "EUc",
            "byte_length": 2,
            "dec": "4423",
            "hex": "1147",
            "id": "EUc",
            "keepers": null,
            "prefix": null
          },
          "sensitive_attributes": [],
          "private": "bnVsbA=="
        }
      ]
    },
    {
      "module": "module.bigip[0]",
      "mode": "managed",
      "type": "random_string",
      "name": "password",
      "provider": "provider[\"registry.terraform.io/hashicorp/random\"]",
      "instances": [
        {
          "schema_version": 2,
          "attributes": {
            "id": "V2Iqkh4zf3ItjD04",
            "keepers": null,
            "length": 16,
            "lower": true,
            "min_lower": 1,
            "min_numeric": 1,
            "min_special": 0,
            "min_upper": 1,
            "number": true,
            "numeric": true,
            "override_special": null,
            "result": "V2Iqkh4zf3ItjD04",
            "special": false,
            "upper": true
          },
          "sensitive_attributes": [],
          "private": "eyJzY2hlbWFfdmVyc2lvbiI6IjIifQ=="
        }
      ]
    },
    {
      "module": "module.bigip[0]",
      "mode": "managed",
      "type": "random_string",
      "name": "sa_role",
      "provider": "provider[\"registry.terraform.io/hashicorp/random\"]",
      "instances": [
        {
          "schema_version": 2,
          "attributes": {
            "id": "fvlxmflxcnfcqvyt",
            "keepers": null,
            "length": 16,
            "lower": true,
            "min_lower": 1,
            "min_numeric": 0,
            "min_special": 0,
            "min_upper": 0,
            "number": false,
            "numeric": false,
            "override_special": null,
            "result": "fvlxmflxcnfcqvyt",
            "special": false,
            "upper": false
          },
          "sensitive_attributes": [],
          "private": "eyJzY2hlbWFfdmVyc2lvbiI6IjIifQ=="
        }
      ]
    },
    {
      "module": "module.bigip[0]",
      "mode": "managed",
      "type": "time_sleep",
      "name": "wait_for_google_compute_instance_f5vm",
      "provider": "provider[\"registry.terraform.io/hashicorp/time\"]",
      "instances": [
        {
          "schema_version": 0,
          "attributes": {
            "create_duration": "300s",
            "destroy_duration": null,
            "id": "2022-06-09T13:25:15Z",
            "triggers": null
          },
          "sensitive_attributes": [],
          "private": "bnVsbA==",
          "dependencies": [
            "google_compute_network.extvpc",
            "google_compute_network.intvpc",
            "google_compute_network.mgmtvpc",
            "google_compute_subnetwork.external_subnetwork",
            "google_compute_subnetwork.internal_subnetwork",
            "google_compute_subnetwork.mgmt_subnetwork",
            "module.bigip.data.template_file.startup_script",
            "module.bigip.google_compute_address.external_public_ip",
            "module.bigip.google_compute_address.mgmt_public_ip",
            "module.bigip.google_compute_instance.f5vm01",
            "module.bigip.random_id.module_id",
            "module.bigip.random_string.password",
            "random_id.id"
          ]
        }
      ]
    }
  ]
}
